
Microsoft Visual Studio Solution File, Format Version 12.00
# Visual Studio Version 16
VisualStudioVersion = 16.0.810.5
MinimumVisualStudioVersion = 10.0.40219.1
Project("{FAE04EC0-301F-11D3-BF4B-00C04F79EFBC}") = "XamIntJul2021.Android", "XamIntJul2021.Android\XamIntJul2021.Android.csproj", "{1C468D8A-CCF8-4BE7-AB5D-49A7845A5004}"
EndProject
Project("{FAE04EC0-301F-11D3-BF4B-00C04F79EFBC}") = "XamIntJul2021.iOS", "XamIntJul2021.iOS\XamIntJul2021.iOS.csproj", "{C983970F-6A1D-4762-A6D4-D631829BF140}"
EndProject
Project("{9A19103F-16F7-4668-BE54-9A1E7A4F7556}") = "XamIntJul2021", "XamIntJul2021\XamIntJul2021.csproj", "{D3F7F268-F342-4900-9192-D8FF93CC7860}"
EndProject
Project("{D954291E-2A0B-460D-934E-DC6B0785DB48}") = "XamarinCore", "XamarinCore\XamarinCore.shproj", "{8C4EBE1C-2A9E-4D8A-A816-E660315DDFD9}"
EndProject
Global
	GlobalSection(SharedMSBuildProjectFiles) = preSolution
		XamarinCore\XamarinCore.projitems*{1c468d8a-ccf8-4be7-ab5d-49a7845a5004}*SharedItemsImports = 4
		XamarinCore\XamarinCore.projitems*{8c4ebe1c-2a9e-4d8a-a816-e660315ddfd9}*SharedItemsImports = 13
		XamarinCore\XamarinCore.projitems*{c983970f-6a1d-4762-a6d4-d631829bf140}*SharedItemsImports = 4
	EndGlobalSection
	GlobalSection(SolutionConfigurationPlatforms) = preSolution
		Debug|Any CPU = Debug|Any CPU
		Debug|iPhone = Debug|iPhone
		Debug|iPhoneSimulator = Debug|iPhoneSimulator
		Release|Any CPU = Release|Any CPU
		Release|iPhone = Release|iPhone
		Release|iPhoneSimulator = Release|iPhoneSimulator
	EndGlobalSection
	GlobalSection(ProjectConfigurationPlatforms) = postSolution
		{1C468D8A-CCF8-4BE7-AB5D-49A7845A5004}.Debug|Any CPU.ActiveCfg = Debug|Any CPU
		{1C468D8A-CCF8-4BE7-AB5D-49A7845A5004}.Debug|Any CPU.Build.0 = Debug|Any CPU
		{1C468D8A-CCF8-4BE7-AB5D-49A7845A5004}.Debug|iPhone.ActiveCfg = Debug|Any CPU
		{1C468D8A-CCF8-4BE7-AB5D-49A7845A5004}.Debug|iPhone.Build.0 = Debug|Any CPU
		{1C468D8A-CCF8-4BE7-AB5D-49A7845A5004}.Debug|iPhoneSimulator.ActiveCfg = Debug|Any CPU
		{1C468D8A-CCF8-4BE7-AB5D-49A7845A5004}.Debug|iPhoneSimulator.Build.0 = Debug|Any CPU
		{1C468D8A-CCF8-4BE7-AB5D-49A7845A5004}.Release|Any CPU.ActiveCfg = Release|Any CPU
		{1C468D8A-CCF8-4BE7-AB5D-49A7845A5004}.Release|Any CPU.Build.0 = Release|Any CPU
		{1C468D8A-CCF8-4BE7-AB5D-49A7845A5004}.Release|iPhone.ActiveCfg = Release|Any CPU
		{1C468D8A-CCF8-4BE7-AB5D-49A7845A5004}.Release|iPhone.Build.0 = Release|Any CPU
		{1C468D8A-CCF8-4BE7-AB5D-49A7845A5004}.Release|iPhoneSimulator.ActiveCfg = Release|Any CPU
		{1C468D8A-CCF8-4BE7-AB5D-49A7845A5004}.Release|iPhoneSimulator.Build.0 = Release|Any CPU
		{C983970F-6A1D-4762-A6D4-D631829BF140}.Debug|Any CPU.ActiveCfg = Debug|iPhoneSimulator
		{C983970F-6A1D-4762-A6D4-D631829BF140}.Debug|Any CPU.Build.0 = Debug|iPhoneSimulator
		{C983970F-6A1D-4762-A6D4-D631829BF140}.Debug|iPhone.ActiveCfg = Debug|iPhone
		{C983970F-6A1D-4762-A6D4-D631829BF140}.Debug|iPhone.Build.0 = Debug|iPhone
		{C983970F-6A1D-4762-A6D4-D631829BF140}.Debug|iPhoneSimulator.ActiveCfg = Debug|iPhoneSimulator
		{C983970F-6A1D-4762-A6D4-D631829BF140}.Debug|iPhoneSimulator.Build.0 = Debug|iPhoneSimulator
		{C983970F-6A1D-4762-A6D4-D631829BF140}.Release|Any CPU.ActiveCfg = Release|iPhoneSimulator
		{C983970F-6A1D-4762-A6D4-D631829BF140}.Release|Any CPU.Build.0 = Release|iPhoneSimulator
		{C983970F-6A1D-4762-A6D4-D631829BF140}.Release|iPhone.ActiveCfg = Release|iPhone
		{C983970F-6A1D-4762-A6D4-D631829BF140}.Release|iPhone.Build.0 = Release|iPhone
		{C983970F-6A1D-4762-A6D4-D631829BF140}.Release|iPhoneSimulator.ActiveCfg = Release|iPhoneSimulator
		{C983970F-6A1D-4762-A6D4-D631829BF140}.Release|iPhoneSimulator.Build.0 = Release|iPhoneSimulator
		{D3F7F268-F342-4900-9192-D8FF93CC7860}.Debug|Any CPU.ActiveCfg = Debug|Any CPU
		{D3F7F268-F342-4900-9192-D8FF93CC7860}.Debug|Any CPU.Build.0 = Debug|Any CPU
		{D3F7F268-F342-4900-9192-D8FF93CC7860}.Debug|iPhone.ActiveCfg = Debug|Any CPU
		{D3F7F268-F342-4900-9192-D8FF93CC7860}.Debug|iPhone.Build.0 = Debug|Any CPU
		{D3F7F268-F342-4900-9192-D8FF93CC7860}.Debug|iPhoneSimulator.ActiveCfg = Debug|Any CPU
		{D3F7F268-F342-4900-9192-D8FF93CC7860}.Debug|iPhoneSimulator.Build.0 = Debug|Any CPU
		{D3F7F268-F342-4900-9192-D8FF93CC7860}.Release|Any CPU.ActiveCfg = Release|Any CPU
		{D3F7F268-F342-4900-9192-D8FF93CC7860}.Release|Any CPU.Build.0 = Release|Any CPU
		{D3F7F268-F342-4900-9192-D8FF93CC7860}.Release|iPhone.ActiveCfg = Release|Any CPU
		{D3F7F268-F342-4900-9192-D8FF93CC7860}.Release|iPhone.Build.0 = Release|Any CPU
		{D3F7F268-F342-4900-9192-D8FF93CC7860}.Release|iPhoneSimulator.ActiveCfg = Release|Any CPU
		{D3F7F268-F342-4900-9192-D8FF93CC7860}.Release|iPhoneSimulator.Build.0 = Release|Any CPU
	EndGlobalSection
	GlobalSection(SolutionProperties) = preSolution
		HideSolutionNode = FALSE
	EndGlobalSection
	GlobalSection(ExtensibilityGlobals) = postSolution
		SolutionGuid = {CB8BD4AB-C2B7-4A59-B858-3AEAD6CF2462}
	EndGlobalSection
EndGlobal
